
Microsoft Visual Studio Solution File, Format Version 12.00
# Visual Studio Version 17
VisualStudioVersion = 17.0.31903.59
MinimumVisualStudioVersion = 10.0.40219.1
Project("{FAE04EC0-301F-11D3-BF4B-00C04F79EFBC}") = "Percy", "Percy\Percy.csproj", "{16840D0C-7D08-4410-BA41-DAEB0BD4CE4A}"
EndProject
Project("{FAE04EC0-301F-11D3-BF4B-00C04F79EFBC}") = "Percy.Test", "Percy.Test\Percy.Test.csproj", "{B5732218-FBE3-4D79-9822-65F60927EC52}"
EndProject
Global
	GlobalSection(SolutionConfigurationPlatforms) = preSolution
		Debug|Any CPU = Debug|Any CPU
		Release|Any CPU = Release|Any CPU
	EndGlobalSection
	GlobalSection(SolutionProperties) = preSolution
		HideSolutionNode = FALSE
	EndGlobalSection
	GlobalSection(ProjectConfigurationPlatforms) = postSolution
		{16840D0C-7D08-4410-BA41-DAEB0BD4CE4A}.Debug|Any CPU.ActiveCfg = Debug|Any CPU
		{16840D0C-7D08-4410-BA41-DAEB0BD4CE4A}.Debug|Any CPU.Build.0 = Debug|Any CPU
		{16840D0C-7D08-4410-BA41-DAEB0BD4CE4A}.Release|Any CPU.ActiveCfg = Release|Any CPU
		{16840D0C-7D08-4410-BA41-DAEB0BD4CE4A}.Release|Any CPU.Build.0 = Release|Any CPU
		{B5732218-FBE3-4D79-9822-65F60927EC52}.Debug|Any CPU.ActiveCfg = Debug|Any CPU
		{B5732218-FBE3-4D79-9822-65F60927EC52}.Debug|Any CPU.Build.0 = Debug|Any CPU
		{B5732218-FBE3-4D79-9822-65F60927EC52}.Release|Any CPU.ActiveCfg = Release|Any CPU
		{B5732218-FBE3-4D79-9822-65F60927EC52}.Release|Any CPU.Build.0 = Release|Any CPU
	EndGlobalSection
EndGlobal
